<?xml version="1.0" encoding="utf-8"?>
<Project ToolsVersion="4.0" xmlns="http://schemas.microsoft.com/developer/msbuild/2003">
  <ItemGroup>
    <Filter Include="源文件">
      <UniqueIdentifier>{4FC737F1-C7A5-4376-A066-2A32D752A2FF}</UniqueIdentifier>
      <Extensions>cpp;c;cc;cxx;c++;cppm;ixx;def;odl;idl;hpj;bat;asm;asmx</Extensions>
    </Filter>
    <Filter Include="头文件">
      <UniqueIdentifier>{93995380-89BD-4b04-88EB-625FBE52EBFB}</UniqueIdentifier>
      <Extensions>h;hh;hpp;hxx;h++;hm;inl;inc;ipp;xsd</Extensions>
    </Filter>
    <Filter Include="资源文件">
      <UniqueIdentifier>{67DA6AB6-F800-4c08-8B7A-83BB121AAD01}</UniqueIdentifier>
      <Extensions>rc;ico;cur;bmp;dlg;rc2;rct;bin;rgs;gif;jpg;jpeg;jpe;resx;tiff;tif;png;wav;mfcribbon-ms</Extensions>
    </Filter>
  </ItemGroup>
  <ItemGroup>
    <ClCompile Include="main.cpp">
      <Filter>源文件</Filter>
    </ClCompile>
    <ClCompile Include="common.h">
      <Filter>头文件</Filter>
    </ClCompile>
    <ClCompile Include="mrcStack.cpp">
      <Filter>源文件</Filter>
    </ClCompile>
    <ClCompile Include="common.cpp">
      <Filter>源文件</Filter>
    </ClCompile>
    <ClCompile Include="defocusFileFormats.cpp">
      <Filter>源文件</Filter>
    </ClCompile>
    <ClCompile Include="volumeIO.cpp">
      <Filter>源文件</Filter>
    </ClCompile>
    <ClCompile Include="parameterSetup.cpp">
      <Filter>源文件</Filter>
    </ClCompile>
    <ClCompile Include="projectionSet.h">
      <Filter>头文件</Filter>
    </ClCompile>
    <ClCompile Include="mydefocus.cpp">
      <Filter>源文件</Filter>
    </ClCompile>
    <ClCompile Include="myCorrection.cpp">
      <Filter>源文件</Filter>
    </ClCompile>
    <ClCompile Include="fftRoutines.cpp">
      <Filter>源文件</Filter>
    </ClCompile>
    <ClCompile Include="myfilterprojection.cpp">
      <Filter>源文件</Filter>
    </ClCompile>
    <ClCompile Include="myctf3d.cpp">
      <Filter>源文件</Filter>
    </ClCompile>
    <ClCompile Include="microscopeGeometry.cpp">
      <Filter>源文件</Filter>
    </ClCompile>
    <ClCompile Include="projectionSet.cpp">
      <Filter>源文件</Filter>
    </ClCompile>
  </ItemGroup>
  <ItemGroup>
    <ClInclude Include="mrcHeader.h">
      <Filter>头文件</Filter>
    </ClInclude>
    <ClInclude Include="mrcStack.h">
      <Filter>头文件</Filter>
    </ClInclude>
    <ClInclude Include="geomHeader.h">
      <Filter>头文件</Filter>
    </ClInclude>
    <ClInclude Include="exception.h">
      <Filter>头文件</Filter>
    </ClInclude>
    <ClInclude Include="defocusFileFormats.h">
      <Filter>头文件</Filter>
    </ClInclude>
    <ClInclude Include="volumeIO.h">
      <Filter>头文件</Filter>
    </ClInclude>
    <ClInclude Include="parameterSetup.h">
      <Filter>头文件</Filter>
    </ClInclude>
    <ClInclude Include="mydefocus.h">
      <Filter>头文件</Filter>
    </ClInclude>
    <ClInclude Include="fftRoutines.h">
      <Filter>头文件</Filter>
    </ClInclude>
    <ClInclude Include="myCorrection.h">
      <Filter>头文件</Filter>
    </ClInclude>
    <ClInclude Include="myfilterprojection.h">
      <Filter>头文件</Filter>
    </ClInclude>
    <ClInclude Include="microscopeGeometry.h">
      <Filter>头文件</Filter>
    </ClInclude>
    <ClInclude Include="geometrySetup.h">
      <Filter>头文件</Filter>
    </ClInclude>
    <ClInclude Include="myctf3d.h">
      <Filter>头文件</Filter>
    </ClInclude>
  </ItemGroup>
</Project>